
Microsoft Visual Studio Solution File, Format Version 12.00
# Visual Studio 2013
VisualStudioVersion = 12.0.31101.0
MinimumVisualStudioVersion = 10.0.40219.1
Project("{2150E333-8FDC-42A3-9474-1A3956D46DE8}") = "Business", "Business", "{63475F27-F240-4B98-9079-3B673BFE09A3}"
EndProject
Project("{2150E333-8FDC-42A3-9474-1A3956D46DE8}") = "Presentation", "Presentation", "{06B3D223-C078-4E93-8A20-DD24317D7FE5}"
EndProject
Project("{2150E333-8FDC-42A3-9474-1A3956D46DE8}") = "Hosts", "Hosts", "{DBE783AB-2D3A-4097-B7EC-37775EFF605D}"
EndProject
Project("{2150E333-8FDC-42A3-9474-1A3956D46DE8}") = "Shared", "Shared", "{4B918959-B49A-4CDA-B242-1D5EF7321107}"
EndProject
Project("{2150E333-8FDC-42A3-9474-1A3956D46DE8}") = "Tests", "Tests", "{46E17F42-7B36-4573-B55B-53237748AD18}"
EndProject
Project("{FAE04EC0-301F-11D3-BF4B-00C04F79EFBC}") = "MusicStore.Framework", "Shared\MusicStore.Framework\MusicStore.Framework.csproj", "{1AEEC1DD-BB17-4458-86E7-C4AAC606D5FC}"
EndProject
Project("{FAE04EC0-301F-11D3-BF4B-00C04F79EFBC}") = "MusicStore.Entities", "Shared\MusicStore.Entities\MusicStore.Entities.csproj", "{99C7B72A-C208-4BA0-9E35-3FF624988181}"
EndProject
Project("{2150E333-8FDC-42A3-9474-1A3956D46DE8}") = "Data", "Data", "{ABAF5743-30FD-4419-895D-6F8CA5C70147}"
EndProject
Project("{FAE04EC0-301F-11D3-BF4B-00C04F79EFBC}") = "MusicStore.Data", "Data\MusicStore.Data\MusicStore.Data.csproj", "{4347086B-FFD5-4A53-A480-DA15DC022751}"
EndProject
Project("{00D1A9C2-B5F0-4AF3-8072-F6C62B433612}") = "MusicStore.Database", "Data\MusicStore.Database\MusicStore.Database.sqlproj", "{CEA48D74-A076-4745-997C-1121A9246235}"
EndProject
Project("{FAE04EC0-301F-11D3-BF4B-00C04F79EFBC}") = "MusicStore.Business", "Business\MusicStore.Business\MusicStore.Business.csproj", "{45300BBB-9608-483A-86D2-3B15132E9B49}"
EndProject
Project("{2150E333-8FDC-42A3-9474-1A3956D46DE8}") = "Services", "Services", "{5E5A528A-719A-459A-BC80-37913A0102E0}"
EndProject
Project("{FAE04EC0-301F-11D3-BF4B-00C04F79EFBC}") = "MusicStore.Services.Contracts", "Services\MusicStore.Services.Contracts\MusicStore.Services.Contracts.csproj", "{218883B0-D6E0-4B4D-BC4F-9389CBB4C442}"
EndProject
Project("{FAE04EC0-301F-11D3-BF4B-00C04F79EFBC}") = "MusicStore.Services", "Services\MusicStore.Services\MusicStore.Services.csproj", "{09A0C85E-3A4B-4C0C-98E3-76C436BCFB55}"
EndProject
Project("{FAE04EC0-301F-11D3-BF4B-00C04F79EFBC}") = "MusicStore.UI.Process", "Presentation\MusicStore.UI.Process\MusicStore.UI.Process.csproj", "{22A71DC6-7119-45F6-AA1D-61B41BD06304}"
EndProject
Project("{FAE04EC0-301F-11D3-BF4B-00C04F79EFBC}") = "MusicStore.Data.Test", "Tests\MusicStore.Test\MusicStore.Data.Test.csproj", "{675204E0-0160-46D1-B020-7383ADF94C0D}"
EndProject
Project("{FAE04EC0-301F-11D3-BF4B-00C04F79EFBC}") = "MusicStore.UI.Windows", "Presentation\MusicStore.UI.Windows\MusicStore.UI.Windows.csproj", "{E76BA272-BA54-43A0-913C-F828243FCF47}"
EndProject
Project("{FAE04EC0-301F-11D3-BF4B-00C04F79EFBC}") = "MusicStore.Hosts.Web", "Hosts\MusicStore.Hosts.Web\MusicStore.Hosts.Web.csproj", "{31069D3D-1937-456B-924E-6DBB2A01606F}"
EndProject
Project("{FAE04EC0-301F-11D3-BF4B-00C04F79EFBC}") = "MusicStore.UI.Silverlight", "Presentation\MusicStore.UI.Silverlight\MusicStore.UI.Silverlight.csproj", "{9736496A-586F-4DF5-93DB-C6EF2CFE9F6C}"
	ProjectSection(ProjectDependencies) = postProject
		{382BBE40-4CEF-49EF-B8D9-68E90DC9F718} = {382BBE40-4CEF-49EF-B8D9-68E90DC9F718}
	EndProjectSection
EndProject
Project("{FAE04EC0-301F-11D3-BF4B-00C04F79EFBC}") = "MusicStore.UI.Silverlight.Web", "Presentation\MusicStore.UI.Silverlight.Web\MusicStore.UI.Silverlight.Web.csproj", "{382BBE40-4CEF-49EF-B8D9-68E90DC9F718}"
EndProject
Project("{FAE04EC0-301F-11D3-BF4B-00C04F79EFBC}") = "MusicStore.Data.Repository", "Data\MusicStore.Data.Repository\MusicStore.Data.Repository.csproj", "{8BF43E80-A2DF-4938-B544-CB3183AF987D}"
EndProject
Project("{FAE04EC0-301F-11D3-BF4B-00C04F79EFBC}") = "MusicStore.WCF.Test", "Tests\MusicStore.WCF.Test\MusicStore.WCF.Test.csproj", "{07FCF3D3-6B2E-4F51-8310-F57A5A6F6DB3}"
EndProject
Global
	GlobalSection(SolutionConfigurationPlatforms) = preSolution
		Debug|Any CPU = Debug|Any CPU
		Release|Any CPU = Release|Any CPU
	EndGlobalSection
	GlobalSection(ProjectConfigurationPlatforms) = postSolution
		{1AEEC1DD-BB17-4458-86E7-C4AAC606D5FC}.Debug|Any CPU.ActiveCfg = Debug|Any CPU
		{1AEEC1DD-BB17-4458-86E7-C4AAC606D5FC}.Debug|Any CPU.Build.0 = Debug|Any CPU
		{1AEEC1DD-BB17-4458-86E7-C4AAC606D5FC}.Release|Any CPU.ActiveCfg = Release|Any CPU
		{1AEEC1DD-BB17-4458-86E7-C4AAC606D5FC}.Release|Any CPU.Build.0 = Release|Any CPU
		{99C7B72A-C208-4BA0-9E35-3FF624988181}.Debug|Any CPU.ActiveCfg = Debug|Any CPU
		{99C7B72A-C208-4BA0-9E35-3FF624988181}.Debug|Any CPU.Build.0 = Debug|Any CPU
		{99C7B72A-C208-4BA0-9E35-3FF624988181}.Release|Any CPU.ActiveCfg = Release|Any CPU
		{99C7B72A-C208-4BA0-9E35-3FF624988181}.Release|Any CPU.Build.0 = Release|Any CPU
		{4347086B-FFD5-4A53-A480-DA15DC022751}.Debug|Any CPU.ActiveCfg = Debug|Any CPU
		{4347086B-FFD5-4A53-A480-DA15DC022751}.Debug|Any CPU.Build.0 = Debug|Any CPU
		{4347086B-FFD5-4A53-A480-DA15DC022751}.Release|Any CPU.ActiveCfg = Release|Any CPU
		{4347086B-FFD5-4A53-A480-DA15DC022751}.Release|Any CPU.Build.0 = Release|Any CPU
		{CEA48D74-A076-4745-997C-1121A9246235}.Debug|Any CPU.ActiveCfg = Debug|Any CPU
		{CEA48D74-A076-4745-997C-1121A9246235}.Debug|Any CPU.Build.0 = Debug|Any CPU
		{CEA48D74-A076-4745-997C-1121A9246235}.Debug|Any CPU.Deploy.0 = Debug|Any CPU
		{CEA48D74-A076-4745-997C-1121A9246235}.Release|Any CPU.ActiveCfg = Release|Any CPU
		{CEA48D74-A076-4745-997C-1121A9246235}.Release|Any CPU.Build.0 = Release|Any CPU
		{CEA48D74-A076-4745-997C-1121A9246235}.Release|Any CPU.Deploy.0 = Release|Any CPU
		{45300BBB-9608-483A-86D2-3B15132E9B49}.Debug|Any CPU.ActiveCfg = Debug|Any CPU
		{45300BBB-9608-483A-86D2-3B15132E9B49}.Debug|Any CPU.Build.0 = Debug|Any CPU
		{45300BBB-9608-483A-86D2-3B15132E9B49}.Release|Any CPU.ActiveCfg = Release|Any CPU
		{45300BBB-9608-483A-86D2-3B15132E9B49}.Release|Any CPU.Build.0 = Release|Any CPU
		{218883B0-D6E0-4B4D-BC4F-9389CBB4C442}.Debug|Any CPU.ActiveCfg = Debug|Any CPU
		{218883B0-D6E0-4B4D-BC4F-9389CBB4C442}.Debug|Any CPU.Build.0 = Debug|Any CPU
		{218883B0-D6E0-4B4D-BC4F-9389CBB4C442}.Release|Any CPU.ActiveCfg = Release|Any CPU
		{218883B0-D6E0-4B4D-BC4F-9389CBB4C442}.Release|Any CPU.Build.0 = Release|Any CPU
		{09A0C85E-3A4B-4C0C-98E3-76C436BCFB55}.Debug|Any CPU.ActiveCfg = Debug|Any CPU
		{09A0C85E-3A4B-4C0C-98E3-76C436BCFB55}.Debug|Any CPU.Build.0 = Debug|Any CPU
		{09A0C85E-3A4B-4C0C-98E3-76C436BCFB55}.Release|Any CPU.ActiveCfg = Release|Any CPU
		{09A0C85E-3A4B-4C0C-98E3-76C436BCFB55}.Release|Any CPU.Build.0 = Release|Any CPU
		{22A71DC6-7119-45F6-AA1D-61B41BD06304}.Debug|Any CPU.ActiveCfg = Debug|Any CPU
		{22A71DC6-7119-45F6-AA1D-61B41BD06304}.Debug|Any CPU.Build.0 = Debug|Any CPU
		{22A71DC6-7119-45F6-AA1D-61B41BD06304}.Release|Any CPU.ActiveCfg = Release|Any CPU
		{22A71DC6-7119-45F6-AA1D-61B41BD06304}.Release|Any CPU.Build.0 = Release|Any CPU
		{675204E0-0160-46D1-B020-7383ADF94C0D}.Debug|Any CPU.ActiveCfg = Debug|Any CPU
		{675204E0-0160-46D1-B020-7383ADF94C0D}.Debug|Any CPU.Build.0 = Debug|Any CPU
		{675204E0-0160-46D1-B020-7383ADF94C0D}.Release|Any CPU.ActiveCfg = Release|Any CPU
		{675204E0-0160-46D1-B020-7383ADF94C0D}.Release|Any CPU.Build.0 = Release|Any CPU
		{E76BA272-BA54-43A0-913C-F828243FCF47}.Debug|Any CPU.ActiveCfg = Debug|Any CPU
		{E76BA272-BA54-43A0-913C-F828243FCF47}.Debug|Any CPU.Build.0 = Debug|Any CPU
		{E76BA272-BA54-43A0-913C-F828243FCF47}.Release|Any CPU.ActiveCfg = Release|Any CPU
		{E76BA272-BA54-43A0-913C-F828243FCF47}.Release|Any CPU.Build.0 = Release|Any CPU
		{31069D3D-1937-456B-924E-6DBB2A01606F}.Debug|Any CPU.ActiveCfg = Debug|Any CPU
		{31069D3D-1937-456B-924E-6DBB2A01606F}.Debug|Any CPU.Build.0 = Debug|Any CPU
		{31069D3D-1937-456B-924E-6DBB2A01606F}.Release|Any CPU.ActiveCfg = Release|Any CPU
		{31069D3D-1937-456B-924E-6DBB2A01606F}.Release|Any CPU.Build.0 = Release|Any CPU
		{9736496A-586F-4DF5-93DB-C6EF2CFE9F6C}.Debug|Any CPU.ActiveCfg = Debug|Any CPU
		{9736496A-586F-4DF5-93DB-C6EF2CFE9F6C}.Debug|Any CPU.Build.0 = Debug|Any CPU
		{9736496A-586F-4DF5-93DB-C6EF2CFE9F6C}.Release|Any CPU.ActiveCfg = Release|Any CPU
		{9736496A-586F-4DF5-93DB-C6EF2CFE9F6C}.Release|Any CPU.Build.0 = Release|Any CPU
		{382BBE40-4CEF-49EF-B8D9-68E90DC9F718}.Debug|Any CPU.ActiveCfg = Debug|Any CPU
		{382BBE40-4CEF-49EF-B8D9-68E90DC9F718}.Debug|Any CPU.Build.0 = Debug|Any CPU
		{382BBE40-4CEF-49EF-B8D9-68E90DC9F718}.Release|Any CPU.ActiveCfg = Release|Any CPU
		{382BBE40-4CEF-49EF-B8D9-68E90DC9F718}.Release|Any CPU.Build.0 = Release|Any CPU
		{8BF43E80-A2DF-4938-B544-CB3183AF987D}.Debug|Any CPU.ActiveCfg = Debug|Any CPU
		{8BF43E80-A2DF-4938-B544-CB3183AF987D}.Debug|Any CPU.Build.0 = Debug|Any CPU
		{8BF43E80-A2DF-4938-B544-CB3183AF987D}.Release|Any CPU.ActiveCfg = Release|Any CPU
		{8BF43E80-A2DF-4938-B544-CB3183AF987D}.Release|Any CPU.Build.0 = Release|Any CPU
		{07FCF3D3-6B2E-4F51-8310-F57A5A6F6DB3}.Debug|Any CPU.ActiveCfg = Debug|Any CPU
		{07FCF3D3-6B2E-4F51-8310-F57A5A6F6DB3}.Debug|Any CPU.Build.0 = Debug|Any CPU
		{07FCF3D3-6B2E-4F51-8310-F57A5A6F6DB3}.Release|Any CPU.ActiveCfg = Release|Any CPU
		{07FCF3D3-6B2E-4F51-8310-F57A5A6F6DB3}.Release|Any CPU.Build.0 = Release|Any CPU
	EndGlobalSection
	GlobalSection(SolutionProperties) = preSolution
		HideSolutionNode = FALSE
	EndGlobalSection
	GlobalSection(NestedProjects) = preSolution
		{1AEEC1DD-BB17-4458-86E7-C4AAC606D5FC} = {4B918959-B49A-4CDA-B242-1D5EF7321107}
		{99C7B72A-C208-4BA0-9E35-3FF624988181} = {4B918959-B49A-4CDA-B242-1D5EF7321107}
		{4347086B-FFD5-4A53-A480-DA15DC022751} = {ABAF5743-30FD-4419-895D-6F8CA5C70147}
		{CEA48D74-A076-4745-997C-1121A9246235} = {ABAF5743-30FD-4419-895D-6F8CA5C70147}
		{45300BBB-9608-483A-86D2-3B15132E9B49} = {63475F27-F240-4B98-9079-3B673BFE09A3}
		{218883B0-D6E0-4B4D-BC4F-9389CBB4C442} = {5E5A528A-719A-459A-BC80-37913A0102E0}
		{09A0C85E-3A4B-4C0C-98E3-76C436BCFB55} = {5E5A528A-719A-459A-BC80-37913A0102E0}
		{22A71DC6-7119-45F6-AA1D-61B41BD06304} = {06B3D223-C078-4E93-8A20-DD24317D7FE5}
		{675204E0-0160-46D1-B020-7383ADF94C0D} = {46E17F42-7B36-4573-B55B-53237748AD18}
		{E76BA272-BA54-43A0-913C-F828243FCF47} = {06B3D223-C078-4E93-8A20-DD24317D7FE5}
		{31069D3D-1937-456B-924E-6DBB2A01606F} = {DBE783AB-2D3A-4097-B7EC-37775EFF605D}
		{9736496A-586F-4DF5-93DB-C6EF2CFE9F6C} = {06B3D223-C078-4E93-8A20-DD24317D7FE5}
		{382BBE40-4CEF-49EF-B8D9-68E90DC9F718} = {06B3D223-C078-4E93-8A20-DD24317D7FE5}
		{8BF43E80-A2DF-4938-B544-CB3183AF987D} = {ABAF5743-30FD-4419-895D-6F8CA5C70147}
		{07FCF3D3-6B2E-4F51-8310-F57A5A6F6DB3} = {46E17F42-7B36-4573-B55B-53237748AD18}
	EndGlobalSection
EndGlobal
